{
    "_meta": {
        "hash": {
            "sha256": "58240b9ecde2b5287ce6d083923522b684dc58a26c6d4fd16f69cb54de6c6a03"
        },
        "requires": {},
        "sources": [
            {
                "url": "https://pypi.python.org/simple",
                "verify_ssl": true
            }
        ]
    },
    "default": {
        "appdirs": {
            "version": "==1.4.3"
        },
        "async-patterns": {
            "version": "==0.3b11"
        },
        "codemach": {
            "version": "==0.4b12"
        },
        "fs": {
            "version": "==2.0.4"
        },
        "modconf": {
            "version": "==0.4b6"
        },
        "numpy": {
            "version": "==1.13.1"
        },
        "pytz": {
            "version": "==2017.2"
        },
        "setuptools": {
            "version": "==36.2.0"
        },
        "six": {
            "version": "==1.10.0"
        }
    },
    "develop": {
        "-e .": "*",
        "alabaster": {
            "version": "==0.7.10"
        },
        "babel": {
            "version": "==2.4.0"
        },
        "certifi": {
            "version": "==2017.4.17"
        },
        "chardet": {
            "version": "==3.0.4"
        },
        "coverage": {
            "version": "==4.4.1"
        },
        "docutils": {
            "version": "==0.13.1"
        },
        "idna": {
            "version": "==2.5"
        },
        "imagesize": {
            "version": "==0.7.1"
        },
        "jinja2": {
            "version": "==2.9.6"
        },
        "markupsafe": {
            "version": "==1.0"
        },
        "py": {
            "version": "==1.4.34"
        },
        "pygments": {
            "version": "==2.2.0"
        },
        "pytest": {
            "version": "==3.1.3"
        },
        "pytest-cov": {
            "version": "==2.5.1"
        },
        "pytz": {
            "version": "==2017.2"
        },
        "requests": {
            "version": "==2.18.1"
        },
        "setuptools": {
            "version": "==36.2.0"
        },
        "six": {
            "version": "==1.10.0"
        },
        "snowballstemmer": {
            "version": "==1.2.1"
        },
        "sphinx": {
            "version": "==1.6.3"
        },
        "sphinxcontrib-websupport": {
            "version": "==1.0.1"
        },
        "urllib3": {
            "version": "==1.21.1"
        }
    }
}
