{
    "description": "pattern for registering callbacks",
    "license": "MIT",
    "author": "Charles Rymal",
    "packages": [
        "async_patterns",
        "async_patterns.tests"
    ],
    "author_email": "charlesrymal@gmail.com",
    "url": "http://github.com/chuck1/ws-callbacks",
    "classifiers": [
        "Programming Language :: Python :: 3.6"
    ],
    "name": "async_patterns"
}