{
  "lockfileVersion": 1,
  "dependencies": {
    "amdefine": {
      "version": "1.0.1",
      "resolved": "https://registry.npmjs.org/amdefine/-/amdefine-1.0.1.tgz",
      "integrity": "sha1-SlKCrBZHKek2Gbz9OtFR+BfOkfU=",
      "optional": true
    },
    "app-module-path": {
      "version": "1.1.0",
      "resolved": "https://registry.npmjs.org/app-module-path/-/app-module-path-1.1.0.tgz",
      "integrity": "sha1-pqxTaEUPIJufW4bpo+Smq2/nUxw="
    },
    "ast-module-types": {
      "version": "2.3.2",
      "resolved": "https://registry.npmjs.org/ast-module-types/-/ast-module-types-2.3.2.tgz",
      "integrity": "sha1-S7HeLXKWeIJEKeIqYo0D6H30rRE="
    },
    "babylon": {
      "version": "6.17.4",
      "resolved": "https://registry.npmjs.org/babylon/-/babylon-6.17.4.tgz",
      "integrity": "sha512-kChlV+0SXkjE0vUn9OZ7pBMWRFd8uq3mZe8x1K6jhuNcAFAtEnjchFAqB+dYEXKyd+JpT6eppRR78QAr5gTsUw=="
    },
    "commander": {
      "version": "2.6.0",
      "resolved": "https://registry.npmjs.org/commander/-/commander-2.6.0.tgz",
      "integrity": "sha1-nfflL7Kgyw+4kFjugMMQQiXzfh0="
    },
    "core-util-is": {
      "version": "1.0.2",
      "resolved": "https://registry.npmjs.org/core-util-is/-/core-util-is-1.0.2.tgz",
      "integrity": "sha1-tf1UIgqivFq1eqtxQMlAdUUDwac="
    },
    "debug": {
      "version": "2.2.0",
      "resolved": "https://registry.npmjs.org/debug/-/debug-2.2.0.tgz",
      "integrity": "sha1-+HBX6ZWxofauaklgZkE3vFbwOdo="
    },
    "deep-is": {
      "version": "0.1.3",
      "resolved": "https://registry.npmjs.org/deep-is/-/deep-is-0.1.3.tgz",
      "integrity": "sha1-s2nW+128E+7PUk+RsHD+7cNXzzQ="
    },
    "dependency-tree": {
      "version": "5.9.1",
      "resolved": "https://registry.npmjs.org/dependency-tree/-/dependency-tree-5.9.1.tgz",
      "integrity": "sha1-C7yz4GsUtpoE+5fv0Z6gDZI5KiY="
    },
    "detective-amd": {
      "version": "2.4.0",
      "resolved": "https://registry.npmjs.org/detective-amd/-/detective-amd-2.4.0.tgz",
      "integrity": "sha1-XrDfTvXBipQDOwfa8TbbzV/HXNU="
    },
    "detective-cjs": {
      "version": "2.0.0",
      "resolved": "https://registry.npmjs.org/detective-cjs/-/detective-cjs-2.0.0.tgz",
      "integrity": "sha1-3OTJMCzcpS5ri/04d8qT9ixczAM="
    },
    "detective-es6": {
      "version": "1.1.6",
      "resolved": "https://registry.npmjs.org/detective-es6/-/detective-es6-1.1.6.tgz",
      "integrity": "sha1-XZFAVm7v8SxU/mqzk2ZQ1DvOsKY="
    },
    "detective-less": {
      "version": "1.0.0",
      "resolved": "https://registry.npmjs.org/detective-less/-/detective-less-1.0.0.tgz",
      "integrity": "sha1-Qmx4yatuMnW/ZsyRq6wAU7tFLX0="
    },
    "detective-sass": {
      "version": "2.0.0",
      "resolved": "https://registry.npmjs.org/detective-sass/-/detective-sass-2.0.0.tgz",
      "integrity": "sha1-CvGKxjnIw26dN9sadOK/hJ8KVI4="
    },
    "detective-scss": {
      "version": "1.0.0",
      "resolved": "https://registry.npmjs.org/detective-scss/-/detective-scss-1.0.0.tgz",
      "integrity": "sha1-owEFIV5fy8JhMuPGuVyNgpkYWJE="
    },
    "detective-stylus": {
      "version": "1.0.0",
      "resolved": "https://registry.npmjs.org/detective-stylus/-/detective-stylus-1.0.0.tgz",
      "integrity": "sha1-UK7n24uruZA4HwEMY/q7pbWOVM0="
    },
    "enhanced-resolve": {
      "version": "3.0.3",
      "resolved": "https://registry.npmjs.org/enhanced-resolve/-/enhanced-resolve-3.0.3.tgz",
      "integrity": "sha1-3xTAa1/F7sreEJTJxaErSz7cC2I="
    },
    "errno": {
      "version": "0.1.4",
      "resolved": "https://registry.npmjs.org/errno/-/errno-0.1.4.tgz",
      "integrity": "sha1-uJbiOp5ei6M4cfyZar02NfyaHH0="
    },
    "escodegen": {
      "version": "1.8.1",
      "resolved": "https://registry.npmjs.org/escodegen/-/escodegen-1.8.1.tgz",
      "integrity": "sha1-WltTr0aTEQvrsIZ6o0MN07cKEBg=",
      "dependencies": {
        "esprima": {
          "version": "2.7.3",
          "resolved": "https://registry.npmjs.org/esprima/-/esprima-2.7.3.tgz",
          "integrity": "sha1-luO3DVd59q1JzQMmc9HDEnZ7pYE="
        }
      }
    },
    "esprima": {
      "version": "1.0.4",
      "resolved": "https://registry.npmjs.org/esprima/-/esprima-1.0.4.tgz",
      "integrity": "sha1-n1V+CPw7TSbs6d00+Pv0drYlha0="
    },
    "estraverse": {
      "version": "1.9.3",
      "resolved": "https://registry.npmjs.org/estraverse/-/estraverse-1.9.3.tgz",
      "integrity": "sha1-r2fy3JIlgkFZUJJgkaQAXSnJu0Q="
    },
    "esutils": {
      "version": "2.0.2",
      "resolved": "https://registry.npmjs.org/esutils/-/esutils-2.0.2.tgz",
      "integrity": "sha1-Cr9PHKpbyx96nYrMbepPqqBLrJs="
    },
    "fast-levenshtein": {
      "version": "2.0.6",
      "resolved": "https://registry.npmjs.org/fast-levenshtein/-/fast-levenshtein-2.0.6.tgz",
      "integrity": "sha1-PYpcZog6FqMMqGQ+hR8Zuqd5eRc="
    },
    "file-exists": {
      "version": "1.0.0",
      "resolved": "https://registry.npmjs.org/file-exists/-/file-exists-1.0.0.tgz",
      "integrity": "sha1-5tJptWVnuJIlgTmOmQ3XB49y1hY="
    },
    "filing-cabinet": {
      "version": "1.8.0",
      "resolved": "https://registry.npmjs.org/filing-cabinet/-/filing-cabinet-1.8.0.tgz",
      "integrity": "sha1-fQ6MObBuFlMs7hTK3eQbH6AnYmU=",
      "dependencies": {
        "commander": {
          "version": "2.8.1",
          "resolved": "https://registry.npmjs.org/commander/-/commander-2.8.1.tgz",
          "integrity": "sha1-Br42f+v9oMMwqh4qBy09yXYkJdQ="
        }
      }
    },
    "find": {
      "version": "0.2.6",
      "resolved": "https://registry.npmjs.org/find/-/find-0.2.6.tgz",
      "integrity": "sha1-DSGLXUjDQkGT9kzqWdOJ+NqnHQE="
    },
    "fs-extra": {
      "version": "0.6.4",
      "resolved": "https://registry.npmjs.org/fs-extra/-/fs-extra-0.6.4.tgz",
      "integrity": "sha1-9G8MdbeEH40gCzNIzU1pHVoJnRU="
    },
    "get-amd-module-type": {
      "version": "2.0.5",
      "resolved": "https://registry.npmjs.org/get-amd-module-type/-/get-amd-module-type-2.0.5.tgz",
      "integrity": "sha1-5nHsWpatX79To6IqKJ6SOMdy3bA="
    },
    "gonzales-pe": {
      "version": "3.4.7",
      "resolved": "https://registry.npmjs.org/gonzales-pe/-/gonzales-pe-3.4.7.tgz",
      "integrity": "sha1-F8e+Z61sr/Ynej44esc26YPSgOw="
    },
    "graceful-fs": {
      "version": "4.1.11",
      "resolved": "https://registry.npmjs.org/graceful-fs/-/graceful-fs-4.1.11.tgz",
      "integrity": "sha1-Dovf5NHduIVNZOBOp8AOKgJuVlg="
    },
    "graceful-readlink": {
      "version": "1.0.1",
      "resolved": "https://registry.npmjs.org/graceful-readlink/-/graceful-readlink-1.0.1.tgz",
      "integrity": "sha1-TK+tdrxi8C+gObL5Tpo906ORpyU="
    },
    "inherits": {
      "version": "2.0.3",
      "resolved": "https://registry.npmjs.org/inherits/-/inherits-2.0.3.tgz",
      "integrity": "sha1-Yzwsg+PaQqUC9SRmAiSA9CCCYd4="
    },
    "is-relative-path": {
      "version": "1.0.1",
      "resolved": "https://registry.npmjs.org/is-relative-path/-/is-relative-path-1.0.1.tgz",
      "integrity": "sha1-rHJ5Oi1gwEnlBnbgSiSo2PJj3CY="
    },
    "isarray": {
      "version": "1.0.0",
      "resolved": "https://registry.npmjs.org/isarray/-/isarray-1.0.0.tgz",
      "integrity": "sha1-u5NdSFgsuhaMBoNJV6VKPgcSTxE="
    },
    "jsonfile": {
      "version": "1.0.1",
      "resolved": "https://registry.npmjs.org/jsonfile/-/jsonfile-1.0.1.tgz",
      "integrity": "sha1-6l7+QLg2kLmGZ2FKc5L8YOhCwN0="
    },
    "levn": {
      "version": "0.3.0",
      "resolved": "https://registry.npmjs.org/levn/-/levn-0.3.0.tgz",
      "integrity": "sha1-OwmSTt+fCDwEkP3UwLxEIeBHZO4="
    },
    "memory-fs": {
      "version": "0.4.1",
      "resolved": "https://registry.npmjs.org/memory-fs/-/memory-fs-0.4.1.tgz",
      "integrity": "sha1-OpoguEYlI+RHz7x+i7gO1me/xVI="
    },
    "minimist": {
      "version": "1.1.3",
      "resolved": "https://registry.npmjs.org/minimist/-/minimist-1.1.3.tgz",
      "integrity": "sha1-O+39kaktOQFvz6ocaB6Pqhoe/ag="
    },
    "mkdirp": {
      "version": "0.3.5",
      "resolved": "https://registry.npmjs.org/mkdirp/-/mkdirp-0.3.5.tgz",
      "integrity": "sha1-3j5fiWHIjHh+4TaN+EmsRBPsqNc="
    },
    "module-definition": {
      "version": "2.2.4",
      "resolved": "https://registry.npmjs.org/module-definition/-/module-definition-2.2.4.tgz",
      "integrity": "sha1-wKN3HeWM9rzxKu0kdnBsWWrUsss="
    },
    "module-lookup-amd": {
      "version": "4.0.4",
      "resolved": "https://registry.npmjs.org/module-lookup-amd/-/module-lookup-amd-4.0.4.tgz",
      "integrity": "sha1-aSldvumGFjLGULY25qSQzHigp5k=",
      "dependencies": {
        "commander": {
          "version": "2.11.0",
          "resolved": "https://registry.npmjs.org/commander/-/commander-2.11.0.tgz",
          "integrity": "sha512-b0553uYA5YAEGgyYIGYROzKQ7X5RAqedkfjiZxwi0kL1g3bOaBNNZfYkzt/CL0umgD5wc9Jec2FbB98CjkMRvQ=="
        }
      }
    },
    "ms": {
      "version": "0.7.1",
      "resolved": "https://registry.npmjs.org/ms/-/ms-0.7.1.tgz",
      "integrity": "sha1-nNE8A62/8ltl7/3nzoZO6VIBcJg="
    },
    "ncp": {
      "version": "0.4.2",
      "resolved": "https://registry.npmjs.org/ncp/-/ncp-0.4.2.tgz",
      "integrity": "sha1-q8xsvT7C7Spyn/bnwfqPAXhKhXQ="
    },
    "node-source-walk": {
      "version": "3.2.1",
      "resolved": "https://registry.npmjs.org/node-source-walk/-/node-source-walk-3.2.1.tgz",
      "integrity": "sha1-Ersbmj+xhz94XEp1R7YDT5U/Zp8="
    },
    "object-assign": {
      "version": "4.0.1",
      "resolved": "https://registry.npmjs.org/object-assign/-/object-assign-4.0.1.tgz",
      "integrity": "sha1-mVBEVsNZi1ytT8WcJuipuxB/4L0="
    },
    "optionator": {
      "version": "0.8.2",
      "resolved": "https://registry.npmjs.org/optionator/-/optionator-0.8.2.tgz",
      "integrity": "sha1-NkxeQJ0/TWMB1sC0wFu6UBgK62Q="
    },
    "precinct": {
      "version": "3.6.0",
      "resolved": "https://registry.npmjs.org/precinct/-/precinct-3.6.0.tgz",
      "integrity": "sha1-fY+Ffmc3UzMy9CnndgwOKKsQY/Y=",
      "dependencies": {
        "commander": {
          "version": "2.11.0",
          "resolved": "https://registry.npmjs.org/commander/-/commander-2.11.0.tgz",
          "integrity": "sha512-b0553uYA5YAEGgyYIGYROzKQ7X5RAqedkfjiZxwi0kL1g3bOaBNNZfYkzt/CL0umgD5wc9Jec2FbB98CjkMRvQ=="
        }
      }
    },
    "prelude-ls": {
      "version": "1.1.2",
      "resolved": "https://registry.npmjs.org/prelude-ls/-/prelude-ls-1.1.2.tgz",
      "integrity": "sha1-IZMqVJ9eUv/ZqCf1cOBL5iqX2lQ="
    },
    "process-nextick-args": {
      "version": "1.0.7",
      "resolved": "https://registry.npmjs.org/process-nextick-args/-/process-nextick-args-1.0.7.tgz",
      "integrity": "sha1-FQ4gt1ZZCtP5EJPyWk8q2L/zC6M="
    },
    "prr": {
      "version": "0.0.0",
      "resolved": "https://registry.npmjs.org/prr/-/prr-0.0.0.tgz",
      "integrity": "sha1-GoS4WQgyVQFBGFPQCB7j+obikmo="
    },
    "readable-stream": {
      "version": "2.3.3",
      "resolved": "https://registry.npmjs.org/readable-stream/-/readable-stream-2.3.3.tgz",
      "integrity": "sha512-m+qzzcn7KUxEmd1gMbchF+Y2eIUbieUaxkWtptyHywrX0rE8QEYqPC07Vuy4Wm32/xE16NcdBctb8S0Xe/5IeQ=="
    },
    "requirejs": {
      "version": "2.2.0",
      "resolved": "https://registry.npmjs.org/requirejs/-/requirejs-2.2.0.tgz",
      "integrity": "sha1-DysVOK8rjQpP///eXTZ6qc1M/oQ="
    },
    "requirejs-config-file": {
      "version": "2.0.1",
      "resolved": "https://registry.npmjs.org/requirejs-config-file/-/requirejs-config-file-2.0.1.tgz",
      "integrity": "sha1-HykScD48TfiYKyx73deipk/Rb7k="
    },
    "resolve": {
      "version": "1.1.7",
      "resolved": "https://registry.npmjs.org/resolve/-/resolve-1.1.7.tgz",
      "integrity": "sha1-IDEU2CrSxe2ejgQRs5ModeiJ6Xs="
    },
    "resolve-dependency-path": {
      "version": "1.0.2",
      "resolved": "https://registry.npmjs.org/resolve-dependency-path/-/resolve-dependency-path-1.0.2.tgz",
      "integrity": "sha1-ar6Tpt4+T53Oe16CYeH0eqGvTcI="
    },
    "rimraf": {
      "version": "2.2.8",
      "resolved": "https://registry.npmjs.org/rimraf/-/rimraf-2.2.8.tgz",
      "integrity": "sha1-5Dm+Kq7jJzIZUnMPmaiSnk/FBYI="
    },
    "safe-buffer": {
      "version": "5.1.1",
      "resolved": "https://registry.npmjs.org/safe-buffer/-/safe-buffer-5.1.1.tgz",
      "integrity": "sha512-kKvNJn6Mm93gAczWVJg7wH+wGYWNrDHdWvpUmHyEsgCtIwwo3bqPtV4tR5tuPaUhTOo/kvhVwd8XwwOllGYkbg=="
    },
    "sass-lookup": {
      "version": "1.0.2",
      "resolved": "https://registry.npmjs.org/sass-lookup/-/sass-lookup-1.0.2.tgz",
      "integrity": "sha1-wVxPcmHcKtsRs9WRLe1rCKFLIcg=",
      "dependencies": {
        "commander": {
          "version": "2.8.1",
          "resolved": "https://registry.npmjs.org/commander/-/commander-2.8.1.tgz",
          "integrity": "sha1-Br42f+v9oMMwqh4qBy09yXYkJdQ="
        }
      }
    },
    "source-map": {
      "version": "0.2.0",
      "resolved": "https://registry.npmjs.org/source-map/-/source-map-0.2.0.tgz",
      "integrity": "sha1-2rc/vPwrqBm03gO9b26qSBZLP50=",
      "optional": true
    },
    "string_decoder": {
      "version": "1.0.3",
      "resolved": "https://registry.npmjs.org/string_decoder/-/string_decoder-1.0.3.tgz",
      "integrity": "sha512-4AH6Z5fzNNBcH+6XDMfA/BTt87skxqJlO0lAh3Dker5zThcAxG6mKz+iGu308UKoPPQ8Dcqx/4JhujzltRa+hQ=="
    },
    "stringify-object": {
      "version": "0.1.8",
      "resolved": "https://registry.npmjs.org/stringify-object/-/stringify-object-0.1.8.tgz",
      "integrity": "sha1-RjNI84/c1P7BwBEITCSlmsZTwe4="
    },
    "stylus-lookup": {
      "version": "1.0.1",
      "resolved": "https://registry.npmjs.org/stylus-lookup/-/stylus-lookup-1.0.1.tgz",
      "integrity": "sha1-qMvC4NLYcVdMN/Dim0axjcmfHWk=",
      "dependencies": {
        "commander": {
          "version": "2.8.1",
          "resolved": "https://registry.npmjs.org/commander/-/commander-2.8.1.tgz",
          "integrity": "sha1-Br42f+v9oMMwqh4qBy09yXYkJdQ="
        }
      }
    },
    "tapable": {
      "version": "0.2.6",
      "resolved": "https://registry.npmjs.org/tapable/-/tapable-0.2.6.tgz",
      "integrity": "sha1-IGvo4YiGC1FEJTdebxrom/sB/Y0="
    },
    "traverse-chain": {
      "version": "0.1.0",
      "resolved": "https://registry.npmjs.org/traverse-chain/-/traverse-chain-0.1.0.tgz",
      "integrity": "sha1-YdvC1Ttp/2CRoSoWj9fUMxB+QPE="
    },
    "type-check": {
      "version": "0.3.2",
      "resolved": "https://registry.npmjs.org/type-check/-/type-check-0.3.2.tgz",
      "integrity": "sha1-WITKtRLPHTVeP7eE8wgEsrUg23I="
    },
    "util-deprecate": {
      "version": "1.0.2",
      "resolved": "https://registry.npmjs.org/util-deprecate/-/util-deprecate-1.0.2.tgz",
      "integrity": "sha1-RQ1Nyfpw3nMnYvvS1KKJgUGaDM8="
    },
    "wordwrap": {
      "version": "1.0.0",
      "resolved": "https://registry.npmjs.org/wordwrap/-/wordwrap-1.0.0.tgz",
      "integrity": "sha1-J1hIEIkUVqQXHI0CJkQa3pDLyus="
    }
  }
}
